// !$*UTF8*$!
{
	archiveVersion = 1;
	classes = {
	};
	objectVersion = 46;
	objects = {

/* Begin PBXBuildFile section */
		3955D7EC155DFBAA6969C655 /* Pods_Flicks.framework in Frameworks */ = {isa = PBXBuildFile; fileRef = 8C65CDBBD5DC2BD45C665FCC /* Pods_Flicks.framework */; };
		6952777E1E936DDE00DB1A57 /* DetailViewController.swift in Sources */ = {isa = PBXBuildFile; fileRef = 6952777D1E936DDE00DB1A57 /* DetailViewController.swift */; };
		696DEEDD1E92B44D0058A9CE /* AppDelegate.swift in Sources */ = {isa = PBXBuildFile; fileRef = 696DEEDC1E92B44D0058A9CE /* AppDelegate.swift */; };
		696DEEE21E92B44D0058A9CE /* Main.storyboard in Resources */ = {isa = PBXBuildFile; fileRef = 696DEEE01E92B44D0058A9CE /* Main.storyboard */; };
		696DEEE41E92B44D0058A9CE /* Assets.xcassets in Resources */ = {isa = PBXBuildFile; fileRef = 696DEEE31E92B44D0058A9CE /* Assets.xcassets */; };
		696DEEE71E92B44D0058A9CE /* LaunchScreen.storyboard in Resources */ = {isa = PBXBuildFile; fileRef = 696DEEE51E92B44D0058A9CE /* LaunchScreen.storyboard */; };
		696DEEEF1E92B4AC0058A9CE /* MovieViewController.swift in Sources */ = {isa = PBXBuildFile; fileRef = 696DEEEE1E92B4AC0058A9CE /* MovieViewController.swift */; };
		6988EA1B1E93338F00251270 /* MovieCell.swift in Sources */ = {isa = PBXBuildFile; fileRef = 6988EA1A1E93338F00251270 /* MovieCell.swift */; };
		6988EA1E1E9342A300251270 /* README.md in Sources */ = {isa = PBXBuildFile; fileRef = 6988EA1D1E9342A300251270 /* README.md */; };
/* End PBXBuildFile section */

/* Begin PBXFileReference section */
		279652A6270F80F7B120702E /* Pods-Flicks.release.xcconfig */ = {isa = PBXFileReference; includeInIndex = 1; lastKnownFileType = text.xcconfig; name = "Pods-Flicks.release.xcconfig"; path = "Pods/Target Support Files/Pods-Flicks/Pods-Flicks.release.xcconfig"; sourceTree = "<group>"; };
		6952777D1E936DDE00DB1A57 /* DetailViewController.swift */ = {isa = PBXFileReference; fileEncoding = 4; lastKnownFileType = sourcecode.swift; path = DetailViewController.swift; sourceTree = "<group>"; };
		696DEED91E92B44D0058A9CE /* Flicks.app */ = {isa = PBXFileReference; explicitFileType = wrapper.application; includeInIndex = 0; path = Flicks.app; sourceTree = BUILT_PRODUCTS_DIR; };
		696DEEDC1E92B44D0058A9CE /* AppDelegate.swift */ = {isa = PBXFileReference; lastKnownFileType = sourcecode.swift; path = AppDelegate.swift; sourceTree = "<group>"; };
		696DEEE11E92B44D0058A9CE /* Base */ = {isa = PBXFileReference; lastKnownFileType = file.storyboard; name = Base; path = Base.lproj/Main.storyboard; sourceTree = "<group>"; };
		696DEEE31E92B44D0058A9CE /* Assets.xcassets */ = {isa = PBXFileReference; lastKnownFileType = folder.assetcatalog; path = Assets.xcassets; sourceTree = "<group>"; };
		696DEEE61E92B44D0058A9CE /* Base */ = {isa = PBXFileReference; lastKnownFileType = file.storyboard; name = Base; path = Base.lproj/LaunchScreen.storyboard; sourceTree = "<group>"; };
		696DEEE81E92B44D0058A9CE /* Info.plist */ = {isa = PBXFileReference; lastKnownFileType = text.plist.xml; path = Info.plist; sourceTree = "<group>"; };
		696DEEEE1E92B4AC0058A9CE /* MovieViewController.swift */ = {isa = PBXFileReference; fileEncoding = 4; lastKnownFileType = sourcecode.swift; path = MovieViewController.swift; sourceTree = "<group>"; };
		6988EA1A1E93338F00251270 /* MovieCell.swift */ = {isa = PBXFileReference; fileEncoding = 4; lastKnownFileType = sourcecode.swift; path = MovieCell.swift; sourceTree = "<group>"; };
		6988EA1D1E9342A300251270 /* README.md */ = {isa = PBXFileReference; fileEncoding = 4; lastKnownFileType = net.daringfireball.markdown; path = README.md; sourceTree = "<group>"; };
		8C65CDBBD5DC2BD45C665FCC /* Pods_Flicks.framework */ = {isa = PBXFileReference; explicitFileType = wrapper.framework; includeInIndex = 0; path = Pods_Flicks.framework; sourceTree = BUILT_PRODUCTS_DIR; };
		B785F0032C2E142DAF326953 /* Pods-Flicks.debug.xcconfig */ = {isa = PBXFileReference; includeInIndex = 1; lastKnownFileType = text.xcconfig; name = "Pods-Flicks.debug.xcconfig"; path = "Pods/Target Support Files/Pods-Flicks/Pods-Flicks.debug.xcconfig"; sourceTree = "<group>"; };
/* End PBXFileReference section */

/* Begin PBXFrameworksBuildPhase section */
		696DEED61E92B44D0058A9CE /* Frameworks */ = {
			isa = PBXFrameworksBuildPhase;
			buildActionMask = 2147483647;
			files = (
				3955D7EC155DFBAA6969C655 /* Pods_Flicks.framework in Frameworks */,
			);
			runOnlyForDeploymentPostprocessing = 0;
		};
/* End PBXFrameworksBuildPhase section */

/* Begin PBXGroup section */
		333ADC2471BF5A47FF8EF53D /* Frameworks */ = {
			isa = PBXGroup;
			children = (
				8C65CDBBD5DC2BD45C665FCC /* Pods_Flicks.framework */,
			);
			name = Frameworks;
			sourceTree = "<group>";
		};
		34FB6F666BB1E3DF8C5FE40E /* Pods */ = {
			isa = PBXGroup;
			children = (
				B785F0032C2E142DAF326953 /* Pods-Flicks.debug.xcconfig */,
				279652A6270F80F7B120702E /* Pods-Flicks.release.xcconfig */,
			);
			name = Pods;
			sourceTree = "<group>";
		};
		696DEED01E92B44D0058A9CE = {
			isa = PBXGroup;
			children = (
				6988EA1D1E9342A300251270 /* README.md */,
				696DEEDB1E92B44D0058A9CE /* Flicks */,
				696DEEDA1E92B44D0058A9CE /* Products */,
				34FB6F666BB1E3DF8C5FE40E /* Pods */,
				333ADC2471BF5A47FF8EF53D /* Frameworks */,
			);
			sourceTree = "<group>";
		};
		696DEEDA1E92B44D0058A9CE /* Products */ = {
			isa = PBXGroup;
			children = (
				696DEED91E92B44D0058A9CE /* Flicks.app */,
			);
			name = Products;
			sourceTree = "<group>";
		};
		696DEEDB1E92B44D0058A9CE /* Flicks */ = {
			isa = PBXGroup;
			children = (
				6988EA1C1E93339B00251270 /* view controllers */,
				6988EA191E93335400251270 /* Views */,
				696DEEDC1E92B44D0058A9CE /* AppDelegate.swift */,
				696DEEE01E92B44D0058A9CE /* Main.storyboard */,
				696DEEE31E92B44D0058A9CE /* Assets.xcassets */,
				696DEEE51E92B44D0058A9CE /* LaunchScreen.storyboard */,
				696DEEE81E92B44D0058A9CE /* Info.plist */,
				696DEEEE1E92B4AC0058A9CE /* MovieViewController.swift */,
			);
			path = Flicks;
			sourceTree = "<group>";
		};
		6988EA191E93335400251270 /* Views */ = {
			isa = PBXGroup;
			children = (
				6988EA1A1E93338F00251270 /* MovieCell.swift */,
			);
			name = Views;
			sourceTree = "<group>";
		};
		6988EA1C1E93339B00251270 /* view controllers */ = {
			isa = PBXGroup;
			children = (
				6952777D1E936DDE00DB1A57 /* DetailViewController.swift */,
			);
			name = "view controllers";
			sourceTree = "<group>";
		};
/* End PBXGroup section */

/* Begin PBXNativeTarget section */
		696DEED81E92B44D0058A9CE /* Flicks */ = {
			isa = PBXNativeTarget;
			buildConfigurationList = 696DEEEB1E92B44D0058A9CE /* Build configuration list for PBXNativeTarget "Flicks" */;
			buildPhases = (
				21EC8BC724CE7099888F64E0 /* [CP] Check Pods Manifest.lock */,
				696DEED51E92B44D0058A9CE /* Sources */,
				696DEED61E92B44D0058A9CE /* Frameworks */,
				696DEED71E92B44D0058A9CE /* Resources */,
				AB2FD95F30D42192F7F1E940 /* [CP] Embed Pods Frameworks */,
				7A205F9507B6B7706E0251B2 /* [CP] Copy Pods Resources */,
			);
			buildRules = (
			);
			dependencies = (
			);
			name = Flicks;
			productName = Flicks;
			productReference = 696DEED91E92B44D0058A9CE /* Flicks.app */;
			productType = "com.apple.product-type.application";
		};
/* End PBXNativeTarget section */

/* Begin PBXProject section */
		696DEED11E92B44D0058A9CE /* Project object */ = {
			isa = PBXProject;
			attributes = {
				LastSwiftUpdateCheck = 0830;
				LastUpgradeCheck = 0830;
				ORGANIZATIONNAME = Codepath;
				TargetAttributes = {
					696DEED81E92B44D0058A9CE = {
						CreatedOnToolsVersion = 8.3;
						ProvisioningStyle = Automatic;
					};
				};
			};
			buildConfigurationList = 696DEED41E92B44D0058A9CE /* Build configuration list for PBXProject "Flicks" */;
			compatibilityVersion = "Xcode 3.2";
			developmentRegion = English;
			hasScannedForEncodings = 0;
			knownRegions = (
				en,
				Base,
			);
			mainGroup = 696DEED01E92B44D0058A9CE;
			productRefGroup = 696DEEDA1E92B44D0058A9CE /* Products */;
			projectDirPath = "";
			projectRoot = "";
			targets = (
				696DEED81E92B44D0058A9CE /* Flicks */,
			);
		};
/* End PBXProject section */

/* Begin PBXResourcesBuildPhase section */
		696DEED71E92B44D0058A9CE /* Resources */ = {
			isa = PBXResourcesBuildPhase;
			buildActionMask = 2147483647;
			files = (
				696DEEE71E92B44D0058A9CE /* LaunchScreen.storyboard in Resources */,
				696DEEE41E92B44D0058A9CE /* Assets.xcassets in Resources */,
				696DEEE21E92B44D0058A9CE /* Main.storyboard in Resources */,
			);
			runOnlyForDeploymentPostprocessing = 0;
		};
/* End PBXResourcesBuildPhase section */

/* Begin PBXShellScriptBuildPhase section */
		21EC8BC724CE7099888F64E0 /* [CP] Check Pods Manifest.lock */ = {
			isa = PBXShellScriptBuildPhase;
			buildActionMask = 2147483647;
			files = (
			);
			inputPaths = (
			);
			name = "[CP] Check Pods Manifest.lock";
			outputPaths = (
			);
			runOnlyForDeploymentPostprocessing = 0;
			shellPath = /bin/sh;
			shellScript = "diff \"${PODS_ROOT}/../Podfile.lock\" \"${PODS_ROOT}/Manifest.lock\" > /dev/null\nif [ $? != 0 ] ; then\n    # print error to STDERR\n    echo \"error: The sandbox is not in sync with the Podfile.lock. Run 'pod install' or update your CocoaPods installation.\" >&2\n    exit 1\nfi\n";
			showEnvVarsInLog = 0;
		};
		7A205F9507B6B7706E0251B2 /* [CP] Copy Pods Resources */ = {
			isa = PBXShellScriptBuildPhase;
			buildActionMask = 2147483647;
			files = (
			);
			inputPaths = (
			);
			name = "[CP] Copy Pods Resources";
			outputPaths = (
			);
			runOnlyForDeploymentPostprocessing = 0;
			shellPath = /bin/sh;
			shellScript = "\"${SRCROOT}/Pods/Target Support Files/Pods-Flicks/Pods-Flicks-resources.sh\"\n";
			showEnvVarsInLog = 0;
		};
		AB2FD95F30D42192F7F1E940 /* [CP] Embed Pods Frameworks */ = {
			isa = PBXShellScriptBuildPhase;
			buildActionMask = 2147483647;
			files = (
			);
			inputPaths = (
			);
			name = "[CP] Embed Pods Frameworks";
			outputPaths = (
			);
			runOnlyForDeploymentPostprocessing = 0;
			shellPath = /bin/sh;
			shellScript = "\"${SRCROOT}/Pods/Target Support Files/Pods-Flicks/Pods-Flicks-frameworks.sh\"\n";
			showEnvVarsInLog = 0;
		};
/* End PBXShellScriptBuildPhase section */

/* Begin PBXSourcesBuildPhase section */
		696DEED51E92B44D0058A9CE /* Sources */ = {
			isa = PBXSourcesBuildPhase;
			buildActionMask = 2147483647;
			files = (
				696DEEDD1E92B44D0058A9CE /* AppDelegate.swift in Sources */,
				696DEEEF1E92B4AC0058A9CE /* MovieViewController.swift in Sources */,
				6952777E1E936DDE00DB1A57 /* DetailViewController.swift in Sources */,
				6988EA1E1E9342A300251270 /* README.md in Sources */,
				6988EA1B1E93338F00251270 /* MovieCell.swift in Sources */,
			);
			runOnlyForDeploymentPostprocessing = 0;
		};
/* End PBXSourcesBuildPhase section */

/* Begin PBXVariantGroup section */
		696DEEE01E92B44D0058A9CE /* Main.storyboard */ = {
			isa = PBXVariantGroup;
			children = (
				696DEEE11E92B44D0058A9CE /* Base */,
			);
			name = Main.storyboard;
			sourceTree = "<group>";
		};
		696DEEE51E92B44D0058A9CE /* LaunchScreen.storyboard */ = {
			isa = PBXVariantGroup;
			children = (
				696DEEE61E92B44D0058A9CE /* Base */,
			);
			name = LaunchScreen.storyboard;
			sourceTree = "<group>";
		};
/* End PBXVariantGroup section */

/* Begin XCBuildConfiguration section */
		696DEEE91E92B44D0058A9CE /* Debug */ = {
			isa = XCBuildConfiguration;
			buildSettings = {
				ALWAYS_SEARCH_USER_PATHS = NO;
				CLANG_ANALYZER_NONNULL = YES;
				CLANG_ANALYZER_NUMBER_OBJECT_CONVERSION = YES_AGGRESSIVE;
				CLANG_CXX_LANGUAGE_STANDARD = "gnu++0x";
				CLANG_CXX_LIBRARY = "libc++";
				CLANG_ENABLE_MODULES = YES;
				CLANG_ENABLE_OBJC_ARC = YES;
				CLANG_WARN_BOOL_CONVERSION = YES;
				CLANG_WARN_CONSTANT_CONVERSION = YES;
				CLANG_WARN_DIRECT_OBJC_ISA_USAGE = YES_ERROR;
				CLANG_WARN_DOCUMENTATION_COMMENTS = YES;
				CLANG_WARN_EMPTY_BODY = YES;
				CLANG_WARN_ENUM_CONVERSION = YES;
				CLANG_WARN_INFINITE_RECURSION = YES;
				CLANG_WARN_INT_CONVERSION = YES;
				CLANG_WARN_OBJC_ROOT_CLASS = YES_ERROR;
				CLANG_WARN_SUSPICIOUS_MOVE = YES;
				CLANG_WARN_UNREACHABLE_CODE = YES;
				CLANG_WARN__DUPLICATE_METHOD_MATCH = YES;
				"CODE_SIGN_IDENTITY[sdk=iphoneos*]" = "iPhone Developer";
				COPY_PHASE_STRIP = NO;
				DEBUG_INFORMATION_FORMAT = dwarf;
				ENABLE_STRICT_OBJC_MSGSEND = YES;
				ENABLE_TESTABILITY = YES;
				GCC_C_LANGUAGE_STANDARD = gnu99;
				GCC_DYNAMIC_NO_PIC = NO;
				GCC_NO_COMMON_BLOCKS = YES;
				GCC_OPTIMIZATION_LEVEL = 0;
				GCC_PREPROCESSOR_DEFINITIONS = (
					"DEBUG=1",
					"$(inherited)",
				);
				GCC_WARN_64_TO_32_BIT_CONVERSION = YES;
				GCC_WARN_ABOUT_RETURN_TYPE = YES_ERROR;
				GCC_WARN_UNDECLARED_SELECTOR = YES;
				GCC_WARN_UNINITIALIZED_AUTOS = YES_AGGRESSIVE;
				GCC_WARN_UNUSED_FUNCTION = YES;
				GCC_WARN_UNUSED_VARIABLE = YES;
				IPHONEOS_DEPLOYMENT_TARGET = 10.3;
				MTL_ENABLE_DEBUG_INFO = YES;
				ONLY_ACTIVE_ARCH = YES;
				SDKROOT = iphoneos;
				SWIFT_ACTIVE_COMPILATION_CONDITIONS = DEBUG;
				SWIFT_OPTIMIZATION_LEVEL = "-Onone";
				TARGETED_DEVICE_FAMILY = "1,2";
			};
			name = Debug;
		};
		696DEEEA1E92B44D0058A9CE /* Release */ = {
			isa = XCBuildConfiguration;
			buildSettings = {
				ALWAYS_SEARCH_USER_PATHS = NO;
				CLANG_ANALYZER_NONNULL = YES;
				CLANG_ANALYZER_NUMBER_OBJECT_CONVERSION = YES_AGGRESSIVE;
				CLANG_CXX_LANGUAGE_STANDARD = "gnu++0x";
				CLANG_CXX_LIBRARY = "libc++";
				CLANG_ENABLE_MODULES = YES;
				CLANG_ENABLE_OBJC_ARC = YES;
				CLANG_WARN_BOOL_CONVERSION = YES;
				CLANG_WARN_CONSTANT_CONVERSION = YES;
				CLANG_WARN_DIRECT_OBJC_ISA_USAGE = YES_ERROR;
				CLANG_WARN_DOCUMENTATION_COMMENTS = YES;
				CLANG_WARN_EMPTY_BODY = YES;
				CLANG_WARN_ENUM_CONVERSION = YES;
				CLANG_WARN_INFINITE_RECURSION = YES;
				CLANG_WARN_INT_CONVERSION = YES;
				CLANG_WARN_OBJC_ROOT_CLASS = YES_ERROR;
				CLANG_WARN_SUSPICIOUS_MOVE = YES;
				CLANG_WARN_UNREACHABLE_CODE = YES;
				CLANG_WARN__DUPLICATE_METHOD_MATCH = YES;
				"CODE_SIGN_IDENTITY[sdk=iphoneos*]" = "iPhone Developer";
				COPY_PHASE_STRIP = NO;
				DEBUG_INFORMATION_FORMAT = "dwarf-with-dsym";
				ENABLE_NS_ASSERTIONS = NO;
				ENABLE_STRICT_OBJC_MSGSEND = YES;
				GCC_C_LANGUAGE_STANDARD = gnu99;
				GCC_NO_COMMON_BLOCKS = YES;
				GCC_WARN_64_TO_32_BIT_CONVERSION = YES;
				GCC_WARN_ABOUT_RETURN_TYPE = YES_ERROR;
				GCC_WARN_UNDECLARED_SELECTOR = YES;
				GCC_WARN_UNINITIALIZED_AUTOS = YES_AGGRESSIVE;
				GCC_WARN_UNUSED_FUNCTION = YES;
				GCC_WARN_UNUSED_VARIABLE = YES;
				IPHONEOS_DEPLOYMENT_TARGET = 10.3;
				MTL_ENABLE_DEBUG_INFO = NO;
				SDKROOT = iphoneos;
				SWIFT_OPTIMIZATION_LEVEL = "-Owholemodule";
				TARGETED_DEVICE_FAMILY = "1,2";
				VALIDATE_PRODUCT = YES;
			};
			name = Release;
		};
		696DEEEC1E92B44D0058A9CE /* Debug */ = {
			isa = XCBuildConfiguration;
			baseConfigurationReference = B785F0032C2E142DAF326953 /* Pods-Flicks.debug.xcconfig */;
			buildSettings = {
				ASSETCATALOG_COMPILER_APPICON_NAME = AppIcon;
				INFOPLIST_FILE = Flicks/Info.plist;
				LD_RUNPATH_SEARCH_PATHS = "$(inherited) @executable_path/Frameworks";
				PRODUCT_BUNDLE_IDENTIFIER = com.codepath.Flicks;
				PRODUCT_NAME = "$(TARGET_NAME)";
				SWIFT_VERSION = 3.0;
			};
			name = Debug;
		};
		696DEEED1E92B44D0058A9CE /* Release */ = {
			isa = XCBuildConfiguration;
			baseConfigurationReference = 279652A6270F80F7B120702E /* Pods-Flicks.release.xcconfig */;
			buildSettings = {
				ASSETCATALOG_COMPILER_APPICON_NAME = AppIcon;
				INFOPLIST_FILE = Flicks/Info.plist;
				LD_RUNPATH_SEARCH_PATHS = "$(inherited) @executable_path/Frameworks";
				PRODUCT_BUNDLE_IDENTIFIER = com.codepath.Flicks;
				PRODUCT_NAME = "$(TARGET_NAME)";
				SWIFT_VERSION = 3.0;
			};
			name = Release;
		};
/* End XCBuildConfiguration section */

/* Begin XCConfigurationList section */
		696DEED41E92B44D0058A9CE /* Build configuration list for PBXProject "Flicks" */ = {
			isa = XCConfigurationList;
			buildConfigurations = (
				696DEEE91E92B44D0058A9CE /* Debug */,
				696DEEEA1E92B44D0058A9CE /* Release */,
			);
			defaultConfigurationIsVisible = 0;
			defaultConfigurationName = Release;
		};
		696DEEEB1E92B44D0058A9CE /* Build configuration list for PBXNativeTarget "Flicks" */ = {
			isa = XCConfigurationList;
			buildConfigurations = (
				696DEEEC1E92B44D0058A9CE /* Debug */,
				696DEEED1E92B44D0058A9CE /* Release */,
			);
			defaultConfigurationIsVisible = 0;
			defaultConfigurationName = Release;
		};
/* End XCConfigurationList section */
	};
	rootObject = 696DEED11E92B44D0058A9CE /* Project object */;
}
